
Microsoft Visual Studio Solution File, Format Version 12.00
# Visual Studio Version 17
VisualStudioVersion = 17.14.36518.9 d17.14
MinimumVisualStudioVersion = 10.0.40219.1
Project("{FAE04EC0-301F-11D3-BF4B-00C04F79EFBC}") = "ConsoleApp16", "ConsoleApp16\ConsoleApp16.csproj", "{C209BB95-3554-429F-8351-0C6F38D43581}"
EndProject
Global
	GlobalSection(SolutionConfigurationPlatforms) = preSolution
		Debug|Any CPU = Debug|Any CPU
		Release|Any CPU = Release|Any CPU
	EndGlobalSection
	GlobalSection(ProjectConfigurationPlatforms) = postSolution
		{C209BB95-3554-429F-8351-0C6F38D43581}.Debug|Any CPU.ActiveCfg = Debug|Any CPU
		{C209BB95-3554-429F-8351-0C6F38D43581}.Debug|Any CPU.Build.0 = Debug|Any CPU
		{C209BB95-3554-429F-8351-0C6F38D43581}.Release|Any CPU.ActiveCfg = Release|Any CPU
		{C209BB95-3554-429F-8351-0C6F38D43581}.Release|Any CPU.Build.0 = Release|Any CPU
	EndGlobalSection
	GlobalSection(SolutionProperties) = preSolution
		HideSolutionNode = FALSE
	EndGlobalSection
	GlobalSection(ExtensibilityGlobals) = postSolution
		SolutionGuid = {43B3FA13-0568-47A5-85DA-40EC7DD9C6F0}
	EndGlobalSection
EndGlobal
